// !$*UTF8*$!
{
	archiveVersion = 1;
	classes = {
	};
	objectVersion = 46;
	objects = {

/* Begin PBXBuildFile section */
		BC5E4F6F1EDCF58E00508994 /* AppDelegate.swift in Sources */ = {isa = PBXBuildFile; fileRef = BC5E4F6E1EDCF58E00508994 /* AppDelegate.swift */; };
		BC5E4F711EDCF58E00508994 /* RecordSoundsViewController.swift in Sources */ = {isa = PBXBuildFile; fileRef = BC5E4F701EDCF58E00508994 /* RecordSoundsViewController.swift */; };
		BC5E4F741EDCF58E00508994 /* Main.storyboard in Resources */ = {isa = PBXBuildFile; fileRef = BC5E4F721EDCF58E00508994 /* Main.storyboard */; };
		BC5E4F761EDCF58E00508994 /* Assets.xcassets in Resources */ = {isa = PBXBuildFile; fileRef = BC5E4F751EDCF58E00508994 /* Assets.xcassets */; };
		BC5E4F791EDCF58E00508994 /* LaunchScreen.storyboard in Resources */ = {isa = PBXBuildFile; fileRef = BC5E4F771EDCF58E00508994 /* LaunchScreen.storyboard */; };
		BC5E4F841EDCF58E00508994 /* Pitch_PerfectTests.swift in Sources */ = {isa = PBXBuildFile; fileRef = BC5E4F831EDCF58E00508994 /* Pitch_PerfectTests.swift */; };
		BC5E4F8F1EDCF58E00508994 /* Pitch_PerfectUITests.swift in Sources */ = {isa = PBXBuildFile; fileRef = BC5E4F8E1EDCF58E00508994 /* Pitch_PerfectUITests.swift */; };
		BC5E4F9D1EDE60AA00508994 /* PlaySoundsViewController.swift in Sources */ = {isa = PBXBuildFile; fileRef = BC5E4F9C1EDE60AA00508994 /* PlaySoundsViewController.swift */; };
		BC5E4F9F1EDF3FA600508994 /* PlaySoundsViewController+Audio.swift in Sources */ = {isa = PBXBuildFile; fileRef = BC5E4F9E1EDF3FA600508994 /* PlaySoundsViewController+Audio.swift */; };
/* End PBXBuildFile section */

/* Begin PBXContainerItemProxy section */
		BC5E4F801EDCF58E00508994 /* PBXContainerItemProxy */ = {
			isa = PBXContainerItemProxy;
			containerPortal = BC5E4F631EDCF58E00508994 /* Project object */;
			proxyType = 1;
			remoteGlobalIDString = BC5E4F6A1EDCF58E00508994;
			remoteInfo = "Pitch Perfect";
		};
		BC5E4F8B1EDCF58E00508994 /* PBXContainerItemProxy */ = {
			isa = PBXContainerItemProxy;
			containerPortal = BC5E4F631EDCF58E00508994 /* Project object */;
			proxyType = 1;
			remoteGlobalIDString = BC5E4F6A1EDCF58E00508994;
			remoteInfo = "Pitch Perfect";
		};
/* End PBXContainerItemProxy section */

/* Begin PBXFileReference section */
		BC5E4F6B1EDCF58E00508994 /* Pitch Perfect.app */ = {isa = PBXFileReference; explicitFileType = wrapper.application; includeInIndex = 0; path = "Pitch Perfect.app"; sourceTree = BUILT_PRODUCTS_DIR; };
		BC5E4F6E1EDCF58E00508994 /* AppDelegate.swift */ = {isa = PBXFileReference; lastKnownFileType = sourcecode.swift; path = AppDelegate.swift; sourceTree = "<group>"; };
		BC5E4F701EDCF58E00508994 /* RecordSoundsViewController.swift */ = {isa = PBXFileReference; lastKnownFileType = sourcecode.swift; path = RecordSoundsViewController.swift; sourceTree = "<group>"; };
		BC5E4F731EDCF58E00508994 /* Base */ = {isa = PBXFileReference; lastKnownFileType = file.storyboard; name = Base; path = Base.lproj/Main.storyboard; sourceTree = "<group>"; };
		BC5E4F751EDCF58E00508994 /* Assets.xcassets */ = {isa = PBXFileReference; lastKnownFileType = folder.assetcatalog; path = Assets.xcassets; sourceTree = "<group>"; };
		BC5E4F781EDCF58E00508994 /* Base */ = {isa = PBXFileReference; lastKnownFileType = file.storyboard; name = Base; path = Base.lproj/LaunchScreen.storyboard; sourceTree = "<group>"; };
		BC5E4F7A1EDCF58E00508994 /* Info.plist */ = {isa = PBXFileReference; lastKnownFileType = text.plist.xml; path = Info.plist; sourceTree = "<group>"; };
		BC5E4F7F1EDCF58E00508994 /* Pitch PerfectTests.xctest */ = {isa = PBXFileReference; explicitFileType = wrapper.cfbundle; includeInIndex = 0; path = "Pitch PerfectTests.xctest"; sourceTree = BUILT_PRODUCTS_DIR; };
		BC5E4F831EDCF58E00508994 /* Pitch_PerfectTests.swift */ = {isa = PBXFileReference; lastKnownFileType = sourcecode.swift; path = Pitch_PerfectTests.swift; sourceTree = "<group>"; };
		BC5E4F851EDCF58E00508994 /* Info.plist */ = {isa = PBXFileReference; lastKnownFileType = text.plist.xml; path = Info.plist; sourceTree = "<group>"; };
		BC5E4F8A1EDCF58E00508994 /* Pitch PerfectUITests.xctest */ = {isa = PBXFileReference; explicitFileType = wrapper.cfbundle; includeInIndex = 0; path = "Pitch PerfectUITests.xctest"; sourceTree = BUILT_PRODUCTS_DIR; };
		BC5E4F8E1EDCF58E00508994 /* Pitch_PerfectUITests.swift */ = {isa = PBXFileReference; lastKnownFileType = sourcecode.swift; path = Pitch_PerfectUITests.swift; sourceTree = "<group>"; };
		BC5E4F901EDCF58E00508994 /* Info.plist */ = {isa = PBXFileReference; lastKnownFileType = text.plist.xml; path = Info.plist; sourceTree = "<group>"; };
		BC5E4F9C1EDE60AA00508994 /* PlaySoundsViewController.swift */ = {isa = PBXFileReference; fileEncoding = 4; lastKnownFileType = sourcecode.swift; path = PlaySoundsViewController.swift; sourceTree = "<group>"; };
		BC5E4F9E1EDF3FA600508994 /* PlaySoundsViewController+Audio.swift */ = {isa = PBXFileReference; fileEncoding = 4; lastKnownFileType = sourcecode.swift; path = "PlaySoundsViewController+Audio.swift"; sourceTree = "<group>"; };
/* End PBXFileReference section */

/* Begin PBXFrameworksBuildPhase section */
		BC5E4F681EDCF58E00508994 /* Frameworks */ = {
			isa = PBXFrameworksBuildPhase;
			buildActionMask = 2147483647;
			files = (
			);
			runOnlyForDeploymentPostprocessing = 0;
		};
		BC5E4F7C1EDCF58E00508994 /* Frameworks */ = {
			isa = PBXFrameworksBuildPhase;
			buildActionMask = 2147483647;
			files = (
			);
			runOnlyForDeploymentPostprocessing = 0;
		};
		BC5E4F871EDCF58E00508994 /* Frameworks */ = {
			isa = PBXFrameworksBuildPhase;
			buildActionMask = 2147483647;
			files = (
			);
			runOnlyForDeploymentPostprocessing = 0;
		};
/* End PBXFrameworksBuildPhase section */

/* Begin PBXGroup section */
		BC5E4F621EDCF58E00508994 = {
			isa = PBXGroup;
			children = (
				BC5E4F6D1EDCF58E00508994 /* Pitch Perfect */,
				BC5E4F821EDCF58E00508994 /* Pitch PerfectTests */,
				BC5E4F8D1EDCF58E00508994 /* Pitch PerfectUITests */,
				BC5E4F6C1EDCF58E00508994 /* Products */,
			);
			sourceTree = "<group>";
		};
		BC5E4F6C1EDCF58E00508994 /* Products */ = {
			isa = PBXGroup;
			children = (
				BC5E4F6B1EDCF58E00508994 /* Pitch Perfect.app */,
				BC5E4F7F1EDCF58E00508994 /* Pitch PerfectTests.xctest */,
				BC5E4F8A1EDCF58E00508994 /* Pitch PerfectUITests.xctest */,
			);
			name = Products;
			sourceTree = "<group>";
		};
		BC5E4F6D1EDCF58E00508994 /* Pitch Perfect */ = {
			isa = PBXGroup;
			children = (
				BC5E4F6E1EDCF58E00508994 /* AppDelegate.swift */,
				BC5E4F701EDCF58E00508994 /* RecordSoundsViewController.swift */,
				BC5E4F9C1EDE60AA00508994 /* PlaySoundsViewController.swift */,
				BC5E4F9E1EDF3FA600508994 /* PlaySoundsViewController+Audio.swift */,
				BC5E4F721EDCF58E00508994 /* Main.storyboard */,
				BC5E4F751EDCF58E00508994 /* Assets.xcassets */,
				BC5E4F771EDCF58E00508994 /* LaunchScreen.storyboard */,
				BC5E4F7A1EDCF58E00508994 /* Info.plist */,
			);
			path = "Pitch Perfect";
			sourceTree = "<group>";
		};
		BC5E4F821EDCF58E00508994 /* Pitch PerfectTests */ = {
			isa = PBXGroup;
			children = (
				BC5E4F831EDCF58E00508994 /* Pitch_PerfectTests.swift */,
				BC5E4F851EDCF58E00508994 /* Info.plist */,
			);
			path = "Pitch PerfectTests";
			sourceTree = "<group>";
		};
		BC5E4F8D1EDCF58E00508994 /* Pitch PerfectUITests */ = {
			isa = PBXGroup;
			children = (
				BC5E4F8E1EDCF58E00508994 /* Pitch_PerfectUITests.swift */,
				BC5E4F901EDCF58E00508994 /* Info.plist */,
			);
			path = "Pitch PerfectUITests";
			sourceTree = "<group>";
		};
/* End PBXGroup section */

/* Begin PBXNativeTarget section */
		BC5E4F6A1EDCF58E00508994 /* Pitch Perfect */ = {
			isa = PBXNativeTarget;
			buildConfigurationList = BC5E4F931EDCF58E00508994 /* Build configuration list for PBXNativeTarget "Pitch Perfect" */;
			buildPhases = (
				BC5E4F671EDCF58E00508994 /* Sources */,
				BC5E4F681EDCF58E00508994 /* Frameworks */,
				BC5E4F691EDCF58E00508994 /* Resources */,
			);
			buildRules = (
			);
			dependencies = (
			);
			name = "Pitch Perfect";
			productName = "Pitch Perfect";
			productReference = BC5E4F6B1EDCF58E00508994 /* Pitch Perfect.app */;
			productType = "com.apple.product-type.application";
		};
		BC5E4F7E1EDCF58E00508994 /* Pitch PerfectTests */ = {
			isa = PBXNativeTarget;
			buildConfigurationList = BC5E4F961EDCF58E00508994 /* Build configuration list for PBXNativeTarget "Pitch PerfectTests" */;
			buildPhases = (
				BC5E4F7B1EDCF58E00508994 /* Sources */,
				BC5E4F7C1EDCF58E00508994 /* Frameworks */,
				BC5E4F7D1EDCF58E00508994 /* Resources */,
			);
			buildRules = (
			);
			dependencies = (
				BC5E4F811EDCF58E00508994 /* PBXTargetDependency */,
			);
			name = "Pitch PerfectTests";
			productName = "Pitch PerfectTests";
			productReference = BC5E4F7F1EDCF58E00508994 /* Pitch PerfectTests.xctest */;
			productType = "com.apple.product-type.bundle.unit-test";
		};
		BC5E4F891EDCF58E00508994 /* Pitch PerfectUITests */ = {
			isa = PBXNativeTarget;
			buildConfigurationList = BC5E4F991EDCF58E00508994 /* Build configuration list for PBXNativeTarget "Pitch PerfectUITests" */;
			buildPhases = (
				BC5E4F861EDCF58E00508994 /* Sources */,
				BC5E4F871EDCF58E00508994 /* Frameworks */,
				BC5E4F881EDCF58E00508994 /* Resources */,
			);
			buildRules = (
			);
			dependencies = (
				BC5E4F8C1EDCF58E00508994 /* PBXTargetDependency */,
			);
			name = "Pitch PerfectUITests";
			productName = "Pitch PerfectUITests";
			productReference = BC5E4F8A1EDCF58E00508994 /* Pitch PerfectUITests.xctest */;
			productType = "com.apple.product-type.bundle.ui-testing";
		};
/* End PBXNativeTarget section */

/* Begin PBXProject section */
		BC5E4F631EDCF58E00508994 /* Project object */ = {
			isa = PBXProject;
			attributes = {
				LastSwiftUpdateCheck = 0830;
				LastUpgradeCheck = 0830;
				ORGANIZATIONNAME = "Ankita Satpathy";
				TargetAttributes = {
					BC5E4F6A1EDCF58E00508994 = {
						CreatedOnToolsVersion = 8.3.2;
						DevelopmentTeam = E3M6HYAQS9;
						ProvisioningStyle = Automatic;
					};
					BC5E4F7E1EDCF58E00508994 = {
						CreatedOnToolsVersion = 8.3.2;
						DevelopmentTeam = E3M6HYAQS9;
						ProvisioningStyle = Automatic;
						TestTargetID = BC5E4F6A1EDCF58E00508994;
					};
					BC5E4F891EDCF58E00508994 = {
						CreatedOnToolsVersion = 8.3.2;
						DevelopmentTeam = E3M6HYAQS9;
						ProvisioningStyle = Automatic;
						TestTargetID = BC5E4F6A1EDCF58E00508994;
					};
				};
			};
			buildConfigurationList = BC5E4F661EDCF58E00508994 /* Build configuration list for PBXProject "Pitch Perfect" */;
			compatibilityVersion = "Xcode 3.2";
			developmentRegion = English;
			hasScannedForEncodings = 0;
			knownRegions = (
				en,
				Base,
			);
			mainGroup = BC5E4F621EDCF58E00508994;
			productRefGroup = BC5E4F6C1EDCF58E00508994 /* Products */;
			projectDirPath = "";
			projectRoot = "";
			targets = (
				BC5E4F6A1EDCF58E00508994 /* Pitch Perfect */,
				BC5E4F7E1EDCF58E00508994 /* Pitch PerfectTests */,
				BC5E4F891EDCF58E00508994 /* Pitch PerfectUITests */,
			);
		};
/* End PBXProject section */

/* Begin PBXResourcesBuildPhase section */
		BC5E4F691EDCF58E00508994 /* Resources */ = {
			isa = PBXResourcesBuildPhase;
			buildActionMask = 2147483647;
			files = (
				BC5E4F791EDCF58E00508994 /* LaunchScreen.storyboard in Resources */,
				BC5E4F761EDCF58E00508994 /* Assets.xcassets in Resources */,
				BC5E4F741EDCF58E00508994 /* Main.storyboard in Resources */,
			);
			runOnlyForDeploymentPostprocessing = 0;
		};
		BC5E4F7D1EDCF58E00508994 /* Resources */ = {
			isa = PBXResourcesBuildPhase;
			buildActionMask = 2147483647;
			files = (
			);
			runOnlyForDeploymentPostprocessing = 0;
		};
		BC5E4F881EDCF58E00508994 /* Resources */ = {
			isa = PBXResourcesBuildPhase;
			buildActionMask = 2147483647;
			files = (
			);
			runOnlyForDeploymentPostprocessing = 0;
		};
/* End PBXResourcesBuildPhase section */

/* Begin PBXSourcesBuildPhase section */
		BC5E4F671EDCF58E00508994 /* Sources */ = {
			isa = PBXSourcesBuildPhase;
			buildActionMask = 2147483647;
			files = (
				BC5E4F711EDCF58E00508994 /* RecordSoundsViewController.swift in Sources */,
				BC5E4F9F1EDF3FA600508994 /* PlaySoundsViewController+Audio.swift in Sources */,
				BC5E4F9D1EDE60AA00508994 /* PlaySoundsViewController.swift in Sources */,
				BC5E4F6F1EDCF58E00508994 /* AppDelegate.swift in Sources */,
			);
			runOnlyForDeploymentPostprocessing = 0;
		};
		BC5E4F7B1EDCF58E00508994 /* Sources */ = {
			isa = PBXSourcesBuildPhase;
			buildActionMask = 2147483647;
			files = (
				BC5E4F841EDCF58E00508994 /* Pitch_PerfectTests.swift in Sources */,
			);
			runOnlyForDeploymentPostprocessing = 0;
		};
		BC5E4F861EDCF58E00508994 /* Sources */ = {
			isa = PBXSourcesBuildPhase;
			buildActionMask = 2147483647;
			files = (
				BC5E4F8F1EDCF58E00508994 /* Pitch_PerfectUITests.swift in Sources */,
			);
			runOnlyForDeploymentPostprocessing = 0;
		};
/* End PBXSourcesBuildPhase section */

/* Begin PBXTargetDependency section */
		BC5E4F811EDCF58E00508994 /* PBXTargetDependency */ = {
			isa = PBXTargetDependency;
			target = BC5E4F6A1EDCF58E00508994 /* Pitch Perfect */;
			targetProxy = BC5E4F801EDCF58E00508994 /* PBXContainerItemProxy */;
		};
		BC5E4F8C1EDCF58E00508994 /* PBXTargetDependency */ = {
			isa = PBXTargetDependency;
			target = BC5E4F6A1EDCF58E00508994 /* Pitch Perfect */;
			targetProxy = BC5E4F8B1EDCF58E00508994 /* PBXContainerItemProxy */;
		};
/* End PBXTargetDependency section */

/* Begin PBXVariantGroup section */
		BC5E4F721EDCF58E00508994 /* Main.storyboard */ = {
			isa = PBXVariantGroup;
			children = (
				BC5E4F731EDCF58E00508994 /* Base */,
			);
			name = Main.storyboard;
			sourceTree = "<group>";
		};
		BC5E4F771EDCF58E00508994 /* LaunchScreen.storyboard */ = {
			isa = PBXVariantGroup;
			children = (
				BC5E4F781EDCF58E00508994 /* Base */,
			);
			name = LaunchScreen.storyboard;
			sourceTree = "<group>";
		};
/* End PBXVariantGroup section */

/* Begin XCBuildConfiguration section */
		BC5E4F911EDCF58E00508994 /* Debug */ = {
			isa = XCBuildConfiguration;
			buildSettings = {
				ALWAYS_SEARCH_USER_PATHS = NO;
				CLANG_ANALYZER_NONNULL = YES;
				CLANG_ANALYZER_NUMBER_OBJECT_CONVERSION = YES_AGGRESSIVE;
				CLANG_CXX_LANGUAGE_STANDARD = "gnu++0x";
				CLANG_CXX_LIBRARY = "libc++";
				CLANG_ENABLE_MODULES = YES;
				CLANG_ENABLE_OBJC_ARC = YES;
				CLANG_WARN_BOOL_CONVERSION = YES;
				CLANG_WARN_CONSTANT_CONVERSION = YES;
				CLANG_WARN_DIRECT_OBJC_ISA_USAGE = YES_ERROR;
				CLANG_WARN_DOCUMENTATION_COMMENTS = YES;
				CLANG_WARN_EMPTY_BODY = YES;
				CLANG_WARN_ENUM_CONVERSION = YES;
				CLANG_WARN_INFINITE_RECURSION = YES;
				CLANG_WARN_INT_CONVERSION = YES;
				CLANG_WARN_OBJC_ROOT_CLASS = YES_ERROR;
				CLANG_WARN_SUSPICIOUS_MOVE = YES;
				CLANG_WARN_UNREACHABLE_CODE = YES;
				CLANG_WARN__DUPLICATE_METHOD_MATCH = YES;
				"CODE_SIGN_IDENTITY[sdk=iphoneos*]" = "iPhone Developer";
				COPY_PHASE_STRIP = NO;
				DEBUG_INFORMATION_FORMAT = dwarf;
				ENABLE_STRICT_OBJC_MSGSEND = YES;
				ENABLE_TESTABILITY = YES;
				GCC_C_LANGUAGE_STANDARD = gnu99;
				GCC_DYNAMIC_NO_PIC = NO;
				GCC_NO_COMMON_BLOCKS = YES;
				GCC_OPTIMIZATION_LEVEL = 0;
				GCC_PREPROCESSOR_DEFINITIONS = (
					"DEBUG=1",
					"$(inherited)",
				);
				GCC_WARN_64_TO_32_BIT_CONVERSION = YES;
				GCC_WARN_ABOUT_RETURN_TYPE = YES_ERROR;
				GCC_WARN_UNDECLARED_SELECTOR = YES;
				GCC_WARN_UNINITIALIZED_AUTOS = YES_AGGRESSIVE;
				GCC_WARN_UNUSED_FUNCTION = YES;
				GCC_WARN_UNUSED_VARIABLE = YES;
				IPHONEOS_DEPLOYMENT_TARGET = 10.3;
				MTL_ENABLE_DEBUG_INFO = YES;
				ONLY_ACTIVE_ARCH = YES;
				SDKROOT = iphoneos;
				SWIFT_ACTIVE_COMPILATION_CONDITIONS = DEBUG;
				SWIFT_OPTIMIZATION_LEVEL = "-Onone";
				TARGETED_DEVICE_FAMILY = "1,2";
			};
			name = Debug;
		};
		BC5E4F921EDCF58E00508994 /* Release */ = {
			isa = XCBuildConfiguration;
			buildSettings = {
				ALWAYS_SEARCH_USER_PATHS = NO;
				CLANG_ANALYZER_NONNULL = YES;
				CLANG_ANALYZER_NUMBER_OBJECT_CONVERSION = YES_AGGRESSIVE;
				CLANG_CXX_LANGUAGE_STANDARD = "gnu++0x";
				CLANG_CXX_LIBRARY = "libc++";
				CLANG_ENABLE_MODULES = YES;
				CLANG_ENABLE_OBJC_ARC = YES;
				CLANG_WARN_BOOL_CONVERSION = YES;
				CLANG_WARN_CONSTANT_CONVERSION = YES;
				CLANG_WARN_DIRECT_OBJC_ISA_USAGE = YES_ERROR;
				CLANG_WARN_DOCUMENTATION_COMMENTS = YES;
				CLANG_WARN_EMPTY_BODY = YES;
				CLANG_WARN_ENUM_CONVERSION = YES;
				CLANG_WARN_INFINITE_RECURSION = YES;
				CLANG_WARN_INT_CONVERSION = YES;
				CLANG_WARN_OBJC_ROOT_CLASS = YES_ERROR;
				CLANG_WARN_SUSPICIOUS_MOVE = YES;
				CLANG_WARN_UNREACHABLE_CODE = YES;
				CLANG_WARN__DUPLICATE_METHOD_MATCH = YES;
				"CODE_SIGN_IDENTITY[sdk=iphoneos*]" = "iPhone Developer";
				COPY_PHASE_STRIP = NO;
				DEBUG_INFORMATION_FORMAT = "dwarf-with-dsym";
				ENABLE_NS_ASSERTIONS = NO;
				ENABLE_STRICT_OBJC_MSGSEND = YES;
				GCC_C_LANGUAGE_STANDARD = gnu99;
				GCC_NO_COMMON_BLOCKS = YES;
				GCC_WARN_64_TO_32_BIT_CONVERSION = YES;
				GCC_WARN_ABOUT_RETURN_TYPE = YES_ERROR;
				GCC_WARN_UNDECLARED_SELECTOR = YES;
				GCC_WARN_UNINITIALIZED_AUTOS = YES_AGGRESSIVE;
				GCC_WARN_UNUSED_FUNCTION = YES;
				GCC_WARN_UNUSED_VARIABLE = YES;
				IPHONEOS_DEPLOYMENT_TARGET = 10.3;
				MTL_ENABLE_DEBUG_INFO = NO;
				SDKROOT = iphoneos;
				SWIFT_OPTIMIZATION_LEVEL = "-Owholemodule";
				TARGETED_DEVICE_FAMILY = "1,2";
				VALIDATE_PRODUCT = YES;
			};
			name = Release;
		};
		BC5E4F941EDCF58E00508994 /* Debug */ = {
			isa = XCBuildConfiguration;
			buildSettings = {
				ASSETCATALOG_COMPILER_APPICON_NAME = AppIcon;
				DEVELOPMENT_TEAM = E3M6HYAQS9;
				INFOPLIST_FILE = "Pitch Perfect/Info.plist";
				LD_RUNPATH_SEARCH_PATHS = "$(inherited) @executable_path/Frameworks";
				PRODUCT_BUNDLE_IDENTIFIER = "com.ankita-satpathy.Pitch-Perfect";
				PRODUCT_NAME = "$(TARGET_NAME)";
				SWIFT_VERSION = 3.0;
			};
			name = Debug;
		};
		BC5E4F951EDCF58E00508994 /* Release */ = {
			isa = XCBuildConfiguration;
			buildSettings = {
				ASSETCATALOG_COMPILER_APPICON_NAME = AppIcon;
				DEVELOPMENT_TEAM = E3M6HYAQS9;
				INFOPLIST_FILE = "Pitch Perfect/Info.plist";
				LD_RUNPATH_SEARCH_PATHS = "$(inherited) @executable_path/Frameworks";
				PRODUCT_BUNDLE_IDENTIFIER = "com.ankita-satpathy.Pitch-Perfect";
				PRODUCT_NAME = "$(TARGET_NAME)";
				SWIFT_VERSION = 3.0;
			};
			name = Release;
		};
		BC5E4F971EDCF58E00508994 /* Debug */ = {
			isa = XCBuildConfiguration;
			buildSettings = {
				ALWAYS_EMBED_SWIFT_STANDARD_LIBRARIES = YES;
				BUNDLE_LOADER = "$(TEST_HOST)";
				DEVELOPMENT_TEAM = E3M6HYAQS9;
				INFOPLIST_FILE = "Pitch PerfectTests/Info.plist";
				LD_RUNPATH_SEARCH_PATHS = "$(inherited) @executable_path/Frameworks @loader_path/Frameworks";
				PRODUCT_BUNDLE_IDENTIFIER = "com.ankita-satpathy.Pitch-PerfectTests";
				PRODUCT_NAME = "$(TARGET_NAME)";
				SWIFT_VERSION = 3.0;
				TEST_HOST = "$(BUILT_PRODUCTS_DIR)/Pitch Perfect.app/Pitch Perfect";
			};
			name = Debug;
		};
		BC5E4F981EDCF58E00508994 /* Release */ = {
			isa = XCBuildConfiguration;
			buildSettings = {
				ALWAYS_EMBED_SWIFT_STANDARD_LIBRARIES = YES;
				BUNDLE_LOADER = "$(TEST_HOST)";
				DEVELOPMENT_TEAM = E3M6HYAQS9;
				INFOPLIST_FILE = "Pitch PerfectTests/Info.plist";
				LD_RUNPATH_SEARCH_PATHS = "$(inherited) @executable_path/Frameworks @loader_path/Frameworks";
				PRODUCT_BUNDLE_IDENTIFIER = "com.ankita-satpathy.Pitch-PerfectTests";
				PRODUCT_NAME = "$(TARGET_NAME)";
				SWIFT_VERSION = 3.0;
				TEST_HOST = "$(BUILT_PRODUCTS_DIR)/Pitch Perfect.app/Pitch Perfect";
			};
			name = Release;
		};
		BC5E4F9A1EDCF58E00508994 /* Debug */ = {
			isa = XCBuildConfiguration;
			buildSettings = {
				ALWAYS_EMBED_SWIFT_STANDARD_LIBRARIES = YES;
				DEVELOPMENT_TEAM = E3M6HYAQS9;
				INFOPLIST_FILE = "Pitch PerfectUITests/Info.plist";
				LD_RUNPATH_SEARCH_PATHS = "$(inherited) @executable_path/Frameworks @loader_path/Frameworks";
				PRODUCT_BUNDLE_IDENTIFIER = "com.ankita-satpathy.Pitch-PerfectUITests";
				PRODUCT_NAME = "$(TARGET_NAME)";
				SWIFT_VERSION = 3.0;
				TEST_TARGET_NAME = "Pitch Perfect";
			};
			name = Debug;
		};
		BC5E4F9B1EDCF58E00508994 /* Release */ = {
			isa = XCBuildConfiguration;
			buildSettings = {
				ALWAYS_EMBED_SWIFT_STANDARD_LIBRARIES = YES;
				DEVELOPMENT_TEAM = E3M6HYAQS9;
				INFOPLIST_FILE = "Pitch PerfectUITests/Info.plist";
				LD_RUNPATH_SEARCH_PATHS = "$(inherited) @executable_path/Frameworks @loader_path/Frameworks";
				PRODUCT_BUNDLE_IDENTIFIER = "com.ankita-satpathy.Pitch-PerfectUITests";
				PRODUCT_NAME = "$(TARGET_NAME)";
				SWIFT_VERSION = 3.0;
				TEST_TARGET_NAME = "Pitch Perfect";
			};
			name = Release;
		};
/* End XCBuildConfiguration section */

/* Begin XCConfigurationList section */
		BC5E4F661EDCF58E00508994 /* Build configuration list for PBXProject "Pitch Perfect" */ = {
			isa = XCConfigurationList;
			buildConfigurations = (
				BC5E4F911EDCF58E00508994 /* Debug */,
				BC5E4F921EDCF58E00508994 /* Release */,
			);
			defaultConfigurationIsVisible = 0;
			defaultConfigurationName = Release;
		};
		BC5E4F931EDCF58E00508994 /* Build configuration list for PBXNativeTarget "Pitch Perfect" */ = {
			isa = XCConfigurationList;
			buildConfigurations = (
				BC5E4F941EDCF58E00508994 /* Debug */,
				BC5E4F951EDCF58E00508994 /* Release */,
			);
			defaultConfigurationIsVisible = 0;
		};
		BC5E4F961EDCF58E00508994 /* Build configuration list for PBXNativeTarget "Pitch PerfectTests" */ = {
			isa = XCConfigurationList;
			buildConfigurations = (
				BC5E4F971EDCF58E00508994 /* Debug */,
				BC5E4F981EDCF58E00508994 /* Release */,
			);
			defaultConfigurationIsVisible = 0;
		};
		BC5E4F991EDCF58E00508994 /* Build configuration list for PBXNativeTarget "Pitch PerfectUITests" */ = {
			isa = XCConfigurationList;
			buildConfigurations = (
				BC5E4F9A1EDCF58E00508994 /* Debug */,
				BC5E4F9B1EDCF58E00508994 /* Release */,
			);
			defaultConfigurationIsVisible = 0;
		};
/* End XCConfigurationList section */
	};
	rootObject = BC5E4F631EDCF58E00508994 /* Project object */;
}
